{
  "name": "ngx-chat-xmpp",
  "version": "0.0.1",
  "lockfileVersion": 1,
  "requires": true,
  "dependencies": {
    "@types/ltx": {
      "version": "2.6.2",
      "resolved": "https://registry.npmjs.org/@types/ltx/-/ltx-2.6.2.tgz",
      "integrity": "sha512-bLJ9lg0T5/qXd7HON2dWclRuUGOGzCuGiuKC1nf7cSb86n9mYkFRtr83lSZmMV0/zugI/bdD+Uz5PygVtX+7Hg==",
      "requires": {
        "@types/node": "10.1.4"
      }
    },
    "@types/node": {
      "version": "10.1.4",
      "resolved": "https://registry.npmjs.org/@types/node/-/node-10.1.4.tgz",
      "integrity": "sha512-GpQxofkdlHYxjHad98UUdNoMO7JrmzQZoAaghtNg14Gwg7YkohcrCoJEcEMSgllx4VIZ+mYw7ZHjfaeIagP/rg=="
    }
  }
}
